
Microsoft Visual Studio Solution File, Format Version 12.00
# Visual Studio Version 17
VisualStudioVersion = 17.8.34316.72
MinimumVisualStudioVersion = 10.0.40219.1
Project("{FAE04EC0-301F-11D3-BF4B-00C04F79EFBC}") = "ConsoleApp", "ConsoleApp\ConsoleApp.csproj", "{B85B616F-8A03-40B6-9196-928996CF4EBC}"
EndProject
Project("{FAE04EC0-301F-11D3-BF4B-00C04F79EFBC}") = "ConsoleApp.Tests", "ConsoleApp.Tests\ConsoleApp.Tests.csproj", "{F0A85B5E-493D-48E1-8018-8C058A307289}"
EndProject
Global
	GlobalSection(SolutionConfigurationPlatforms) = preSolution
		Debug|Any CPU = Debug|Any CPU
		Release|Any CPU = Release|Any CPU
	EndGlobalSection
	GlobalSection(ProjectConfigurationPlatforms) = postSolution
		{B85B616F-8A03-40B6-9196-928996CF4EBC}.Debug|Any CPU.ActiveCfg = Debug|Any CPU
		{B85B616F-8A03-40B6-9196-928996CF4EBC}.Debug|Any CPU.Build.0 = Debug|Any CPU
		{B85B616F-8A03-40B6-9196-928996CF4EBC}.Release|Any CPU.ActiveCfg = Release|Any CPU
		{B85B616F-8A03-40B6-9196-928996CF4EBC}.Release|Any CPU.Build.0 = Release|Any CPU
		{F0A85B5E-493D-48E1-8018-8C058A307289}.Debug|Any CPU.ActiveCfg = Debug|Any CPU
		{F0A85B5E-493D-48E1-8018-8C058A307289}.Debug|Any CPU.Build.0 = Debug|Any CPU
		{F0A85B5E-493D-48E1-8018-8C058A307289}.Release|Any CPU.ActiveCfg = Release|Any CPU
		{F0A85B5E-493D-48E1-8018-8C058A307289}.Release|Any CPU.Build.0 = Release|Any CPU
	EndGlobalSection
	GlobalSection(SolutionProperties) = preSolution
		HideSolutionNode = FALSE
	EndGlobalSection
	GlobalSection(ExtensibilityGlobals) = postSolution
		SolutionGuid = {076778CE-4799-4BAA-BCF3-53274997F64C}
	EndGlobalSection
EndGlobal
